// !$*UTF8*$!
{
	archiveVersion = 1;
	classes = {
	};
	objectVersion = 46;
	objects = {

/* Begin PBXBuildFile section */
		00987B8217F17949001665D2 /* UIKit.framework in Frameworks */ = {isa = PBXBuildFile; fileRef = 00987B8117F17949001665D2 /* UIKit.framework */; };
		00987B8417F17949001665D2 /* Foundation.framework in Frameworks */ = {isa = PBXBuildFile; fileRef = 00987B8317F17949001665D2 /* Foundation.framework */; };
		00987B8617F17949001665D2 /* CoreGraphics.framework in Frameworks */ = {isa = PBXBuildFile; fileRef = 00987B8517F17949001665D2 /* CoreGraphics.framework */; };
		00987B8C17F17949001665D2 /* InfoPlist.strings in Resources */ = {isa = PBXBuildFile; fileRef = 00987B8A17F17949001665D2 /* InfoPlist.strings */; };
		00987B8E17F17949001665D2 /* main.m in Sources */ = {isa = PBXBuildFile; fileRef = 00987B8D17F17949001665D2 /* main.m */; };
		00987B9217F17949001665D2 /* BIDAppDelegate.m in Sources */ = {isa = PBXBuildFile; fileRef = 00987B9117F17949001665D2 /* BIDAppDelegate.m */; };
		00987B9517F17949001665D2 /* BIDViewController.m in Sources */ = {isa = PBXBuildFile; fileRef = 00987B9417F17949001665D2 /* BIDViewController.m */; };
		00987B9817F17949001665D2 /* BIDViewController.xib in Resources */ = {isa = PBXBuildFile; fileRef = 00987B9617F17949001665D2 /* BIDViewController.xib */; };
		00987B9F17F17A62001665D2 /* ball.png in Resources */ = {isa = PBXBuildFile; fileRef = 00987B9E17F17A62001665D2 /* ball.png */; };
		00987BA217F17AD8001665D2 /* BIDBallView.m in Sources */ = {isa = PBXBuildFile; fileRef = 00987BA117F17AD8001665D2 /* BIDBallView.m */; };
/* End PBXBuildFile section */

/* Begin PBXFileReference section */
		00987B7D17F17949001665D2 /* Ball.app */ = {isa = PBXFileReference; explicitFileType = wrapper.application; includeInIndex = 0; path = Ball.app; sourceTree = BUILT_PRODUCTS_DIR; };
		00987B8117F17949001665D2 /* UIKit.framework */ = {isa = PBXFileReference; lastKnownFileType = wrapper.framework; name = UIKit.framework; path = System/Library/Frameworks/UIKit.framework; sourceTree = SDKROOT; };
		00987B8317F17949001665D2 /* Foundation.framework */ = {isa = PBXFileReference; lastKnownFileType = wrapper.framework; name = Foundation.framework; path = System/Library/Frameworks/Foundation.framework; sourceTree = SDKROOT; };
		00987B8517F17949001665D2 /* CoreGraphics.framework */ = {isa = PBXFileReference; lastKnownFileType = wrapper.framework; name = CoreGraphics.framework; path = System/Library/Frameworks/CoreGraphics.framework; sourceTree = SDKROOT; };
		00987B8917F17949001665D2 /* Ball-Info.plist */ = {isa = PBXFileReference; lastKnownFileType = text.plist.xml; path = "Ball-Info.plist"; sourceTree = "<group>"; };
		00987B8B17F17949001665D2 /* en */ = {isa = PBXFileReference; lastKnownFileType = text.plist.strings; name = en; path = en.lproj/InfoPlist.strings; sourceTree = "<group>"; };
		00987B8D17F17949001665D2 /* main.m */ = {isa = PBXFileReference; lastKnownFileType = sourcecode.c.objc; path = main.m; sourceTree = "<group>"; };
		00987B8F17F17949001665D2 /* Ball-Prefix.pch */ = {isa = PBXFileReference; lastKnownFileType = sourcecode.c.h; path = "Ball-Prefix.pch"; sourceTree = "<group>"; };
		00987B9017F17949001665D2 /* BIDAppDelegate.h */ = {isa = PBXFileReference; lastKnownFileType = sourcecode.c.h; path = BIDAppDelegate.h; sourceTree = "<group>"; };
		00987B9117F17949001665D2 /* BIDAppDelegate.m */ = {isa = PBXFileReference; lastKnownFileType = sourcecode.c.objc; path = BIDAppDelegate.m; sourceTree = "<group>"; };
		00987B9317F17949001665D2 /* BIDViewController.h */ = {isa = PBXFileReference; lastKnownFileType = sourcecode.c.h; path = BIDViewController.h; sourceTree = "<group>"; };
		00987B9417F17949001665D2 /* BIDViewController.m */ = {isa = PBXFileReference; lastKnownFileType = sourcecode.c.objc; path = BIDViewController.m; sourceTree = "<group>"; };
		00987B9717F17949001665D2 /* en */ = {isa = PBXFileReference; lastKnownFileType = file.xib; name = en; path = en.lproj/BIDViewController.xib; sourceTree = "<group>"; };
		00987B9E17F17A62001665D2 /* ball.png */ = {isa = PBXFileReference; lastKnownFileType = image.png; path = ball.png; sourceTree = "<group>"; };
		00987BA017F17AD8001665D2 /* BIDBallView.h */ = {isa = PBXFileReference; fileEncoding = 4; lastKnownFileType = sourcecode.c.h; path = BIDBallView.h; sourceTree = "<group>"; };
		00987BA117F17AD8001665D2 /* BIDBallView.m */ = {isa = PBXFileReference; fileEncoding = 4; lastKnownFileType = sourcecode.c.objc; path = BIDBallView.m; sourceTree = "<group>"; };
/* End PBXFileReference section */

/* Begin PBXFrameworksBuildPhase section */
		00987B7A17F17949001665D2 /* Frameworks */ = {
			isa = PBXFrameworksBuildPhase;
			buildActionMask = 2147483647;
			files = (
				00987B8217F17949001665D2 /* UIKit.framework in Frameworks */,
				00987B8417F17949001665D2 /* Foundation.framework in Frameworks */,
				00987B8617F17949001665D2 /* CoreGraphics.framework in Frameworks */,
			);
			runOnlyForDeploymentPostprocessing = 0;
		};
/* End PBXFrameworksBuildPhase section */

/* Begin PBXGroup section */
		00987B7217F17949001665D2 = {
			isa = PBXGroup;
			children = (
				00987B8717F17949001665D2 /* Ball */,
				00987B8017F17949001665D2 /* Frameworks */,
				00987B7E17F17949001665D2 /* Products */,
			);
			sourceTree = "<group>";
		};
		00987B7E17F17949001665D2 /* Products */ = {
			isa = PBXGroup;
			children = (
				00987B7D17F17949001665D2 /* Ball.app */,
			);
			name = Products;
			sourceTree = "<group>";
		};
		00987B8017F17949001665D2 /* Frameworks */ = {
			isa = PBXGroup;
			children = (
				00987B8117F17949001665D2 /* UIKit.framework */,
				00987B8317F17949001665D2 /* Foundation.framework */,
				00987B8517F17949001665D2 /* CoreGraphics.framework */,
			);
			name = Frameworks;
			sourceTree = "<group>";
		};
		00987B8717F17949001665D2 /* Ball */ = {
			isa = PBXGroup;
			children = (
				00987B9017F17949001665D2 /* BIDAppDelegate.h */,
				00987B9117F17949001665D2 /* BIDAppDelegate.m */,
				00987B9317F17949001665D2 /* BIDViewController.h */,
				00987B9417F17949001665D2 /* BIDViewController.m */,
				00987B9617F17949001665D2 /* BIDViewController.xib */,
				00987B8817F17949001665D2 /* Supporting Files */,
				00987BA017F17AD8001665D2 /* BIDBallView.h */,
				00987BA117F17AD8001665D2 /* BIDBallView.m */,
			);
			path = Ball;
			sourceTree = "<group>";
		};
		00987B8817F17949001665D2 /* Supporting Files */ = {
			isa = PBXGroup;
			children = (
				00987B8917F17949001665D2 /* Ball-Info.plist */,
				00987B8A17F17949001665D2 /* InfoPlist.strings */,
				00987B8D17F17949001665D2 /* main.m */,
				00987B8F17F17949001665D2 /* Ball-Prefix.pch */,
				00987B9E17F17A62001665D2 /* ball.png */,
			);
			name = "Supporting Files";
			sourceTree = "<group>";
		};
/* End PBXGroup section */

/* Begin PBXNativeTarget section */
		00987B7C17F17949001665D2 /* Ball */ = {
			isa = PBXNativeTarget;
			buildConfigurationList = 00987B9B17F17949001665D2 /* Build configuration list for PBXNativeTarget "Ball" */;
			buildPhases = (
				00987B7917F17949001665D2 /* Sources */,
				00987B7A17F17949001665D2 /* Frameworks */,
				00987B7B17F17949001665D2 /* Resources */,
			);
			buildRules = (
			);
			dependencies = (
			);
			name = Ball;
			productName = Ball;
			productReference = 00987B7D17F17949001665D2 /* Ball.app */;
			productType = "com.apple.product-type.application";
		};
/* End PBXNativeTarget section */

/* Begin PBXProject section */
		00987B7417F17949001665D2 /* Project object */ = {
			isa = PBXProject;
			attributes = {
				LastUpgradeCheck = 0420;
			};
			buildConfigurationList = 00987B7717F17949001665D2 /* Build configuration list for PBXProject "Ball" */;
			compatibilityVersion = "Xcode 3.2";
			developmentRegion = English;
			hasScannedForEncodings = 0;
			knownRegions = (
				en,
			);
			mainGroup = 00987B7217F17949001665D2;
			productRefGroup = 00987B7E17F17949001665D2 /* Products */;
			projectDirPath = "";
			projectRoot = "";
			targets = (
				00987B7C17F17949001665D2 /* Ball */,
			);
		};
/* End PBXProject section */

/* Begin PBXResourcesBuildPhase section */
		00987B7B17F17949001665D2 /* Resources */ = {
			isa = PBXResourcesBuildPhase;
			buildActionMask = 2147483647;
			files = (
				00987B8C17F17949001665D2 /* InfoPlist.strings in Resources */,
				00987B9817F17949001665D2 /* BIDViewController.xib in Resources */,
				00987B9F17F17A62001665D2 /* ball.png in Resources */,
			);
			runOnlyForDeploymentPostprocessing = 0;
		};
/* End PBXResourcesBuildPhase section */

/* Begin PBXSourcesBuildPhase section */
		00987B7917F17949001665D2 /* Sources */ = {
			isa = PBXSourcesBuildPhase;
			buildActionMask = 2147483647;
			files = (
				00987B8E17F17949001665D2 /* main.m in Sources */,
				00987B9217F17949001665D2 /* BIDAppDelegate.m in Sources */,
				00987B9517F17949001665D2 /* BIDViewController.m in Sources */,
				00987BA217F17AD8001665D2 /* BIDBallView.m in Sources */,
			);
			runOnlyForDeploymentPostprocessing = 0;
		};
/* End PBXSourcesBuildPhase section */

/* Begin PBXVariantGroup section */
		00987B8A17F17949001665D2 /* InfoPlist.strings */ = {
			isa = PBXVariantGroup;
			children = (
				00987B8B17F17949001665D2 /* en */,
			);
			name = InfoPlist.strings;
			sourceTree = "<group>";
		};
		00987B9617F17949001665D2 /* BIDViewController.xib */ = {
			isa = PBXVariantGroup;
			children = (
				00987B9717F17949001665D2 /* en */,
			);
			name = BIDViewController.xib;
			sourceTree = "<group>";
		};
/* End PBXVariantGroup section */

/* Begin XCBuildConfiguration section */
		00987B9917F17949001665D2 /* Debug */ = {
			isa = XCBuildConfiguration;
			buildSettings = {
				ALWAYS_SEARCH_USER_PATHS = NO;
				ARCHS = "$(ARCHS_STANDARD_32_BIT)";
				CLANG_ENABLE_OBJC_ARC = YES;
				"CODE_SIGN_IDENTITY[sdk=iphoneos*]" = "iPhone Developer";
				COPY_PHASE_STRIP = NO;
				GCC_C_LANGUAGE_STANDARD = gnu99;
				GCC_DYNAMIC_NO_PIC = NO;
				GCC_OPTIMIZATION_LEVEL = 0;
				GCC_PREPROCESSOR_DEFINITIONS = (
					"DEBUG=1",
					"$(inherited)",
				);
				GCC_SYMBOLS_PRIVATE_EXTERN = NO;
				GCC_VERSION = com.apple.compilers.llvm.clang.1_0;
				GCC_WARN_ABOUT_MISSING_PROTOTYPES = YES;
				GCC_WARN_ABOUT_RETURN_TYPE = YES;
				GCC_WARN_UNUSED_VARIABLE = YES;
				IPHONEOS_DEPLOYMENT_TARGET = 5.0;
				SDKROOT = iphoneos;
			};
			name = Debug;
		};
		00987B9A17F17949001665D2 /* Release */ = {
			isa = XCBuildConfiguration;
			buildSettings = {
				ALWAYS_SEARCH_USER_PATHS = NO;
				ARCHS = "$(ARCHS_STANDARD_32_BIT)";
				CLANG_ENABLE_OBJC_ARC = YES;
				"CODE_SIGN_IDENTITY[sdk=iphoneos*]" = "iPhone Developer";
				COPY_PHASE_STRIP = YES;
				GCC_C_LANGUAGE_STANDARD = gnu99;
				GCC_VERSION = com.apple.compilers.llvm.clang.1_0;
				GCC_WARN_ABOUT_MISSING_PROTOTYPES = YES;
				GCC_WARN_ABOUT_RETURN_TYPE = YES;
				GCC_WARN_UNUSED_VARIABLE = YES;
				IPHONEOS_DEPLOYMENT_TARGET = 5.0;
				OTHER_CFLAGS = "-DNS_BLOCK_ASSERTIONS=1";
				SDKROOT = iphoneos;
				VALIDATE_PRODUCT = YES;
			};
			name = Release;
		};
		00987B9C17F17949001665D2 /* Debug */ = {
			isa = XCBuildConfiguration;
			buildSettings = {
				GCC_PRECOMPILE_PREFIX_HEADER = YES;
				GCC_PREFIX_HEADER = "Ball/Ball-Prefix.pch";
				INFOPLIST_FILE = "Ball/Ball-Info.plist";
				PRODUCT_NAME = "$(TARGET_NAME)";
				WRAPPER_EXTENSION = app;
			};
			name = Debug;
		};
		00987B9D17F17949001665D2 /* Release */ = {
			isa = XCBuildConfiguration;
			buildSettings = {
				GCC_PRECOMPILE_PREFIX_HEADER = YES;
				GCC_PREFIX_HEADER = "Ball/Ball-Prefix.pch";
				INFOPLIST_FILE = "Ball/Ball-Info.plist";
				PRODUCT_NAME = "$(TARGET_NAME)";
				WRAPPER_EXTENSION = app;
			};
			name = Release;
		};
/* End XCBuildConfiguration section */

/* Begin XCConfigurationList section */
		00987B7717F17949001665D2 /* Build configuration list for PBXProject "Ball" */ = {
			isa = XCConfigurationList;
			buildConfigurations = (
				00987B9917F17949001665D2 /* Debug */,
				00987B9A17F17949001665D2 /* Release */,
			);
			defaultConfigurationIsVisible = 0;
			defaultConfigurationName = Release;
		};
		00987B9B17F17949001665D2 /* Build configuration list for PBXNativeTarget "Ball" */ = {
			isa = XCConfigurationList;
			buildConfigurations = (
				00987B9C17F17949001665D2 /* Debug */,
				00987B9D17F17949001665D2 /* Release */,
			);
			defaultConfigurationIsVisible = 0;
		};
/* End XCConfigurationList section */
	};
	rootObject = 00987B7417F17949001665D2 /* Project object */;
}
